
Microsoft Visual Studio Solution File, Format Version 12.00
# Visual Studio Version 17
VisualStudioVersion = 17.3.32929.385
MinimumVisualStudioVersion = 10.0.40219.1
Project("{2150E333-8FDC-42A3-9474-1A3956D46DE8}") = "src", "src", "{34ABE718-1A68-43FD-AA15-4B610F8FB2B2}"
EndProject
Project("{9A19103F-16F7-4668-BE54-9A1E7A4F7556}") = "Currency.Exchange.External.Client", "src\Currency.Exchange.External.Client\Currency.Exchange.External.Client.csproj", "{632EB9AA-5665-4CCE-98CF-55612238539F}"
EndProject
Project("{9A19103F-16F7-4668-BE54-9A1E7A4F7556}") = "Currency.Exchange.Host", "src\Currency.Exchange.Host\Currency.Exchange.Host.csproj", "{DBE04158-00A9-43D4-95A6-D30BF0B89844}"
EndProject
Project("{E53339B2-1760-4266-BCC7-CA923CBCF16C}") = "docker-compose", "docker\docker-compose.dcproj", "{226A6A8F-E925-443B-A136-D2B5F8ED3C90}"
EndProject
Project("{FAE04EC0-301F-11D3-BF4B-00C04F79EFBC}") = "Currency.Exchange.Data", "src\Currency.Exchange.Data\Currency.Exchange.Data.csproj", "{1257F547-61C5-45FF-A37A-08F9B0E4ECC4}"
EndProject
Project("{FAE04EC0-301F-11D3-BF4B-00C04F79EFBC}") = "Currency.Exchange.Public.Contracts", "src\Currency.Exchange.Public.Contracts\Currency.Exchange.Public.Contracts.csproj", "{58A881FD-C70A-4FAE-AAEA-A9F20B9DE1E0}"
EndProject
Project("{FAE04EC0-301F-11D3-BF4B-00C04F79EFBC}") = "Currency.Exchange", "src\Currency.Exchange\Currency.Exchange.csproj", "{62E49AEA-A63F-4855-AAD7-0F86609D2821}"
EndProject
Project("{FAE04EC0-301F-11D3-BF4B-00C04F79EFBC}") = "Currency.Exchange.UnitTests", "tests\Currency.Exchange.UnitTests\Currency.Exchange.UnitTests.csproj", "{2E01B0D7-043A-40C8-9C7C-761668C8A76C}"
EndProject
Project("{2150E333-8FDC-42A3-9474-1A3956D46DE8}") = "tests", "tests", "{4FBBFEC8-CD8D-4922-9FCA-E0A52EFA34C4}"
EndProject
Project("{2150E333-8FDC-42A3-9474-1A3956D46DE8}") = "UnitTests", "UnitTests", "{C18DDAC9-1177-4C8F-84A7-1D731E6710AE}"
EndProject
Global
	GlobalSection(SolutionConfigurationPlatforms) = preSolution
		Debug|Any CPU = Debug|Any CPU
		Release|Any CPU = Release|Any CPU
	EndGlobalSection
	GlobalSection(ProjectConfigurationPlatforms) = postSolution
		{632EB9AA-5665-4CCE-98CF-55612238539F}.Debug|Any CPU.ActiveCfg = Debug|Any CPU
		{632EB9AA-5665-4CCE-98CF-55612238539F}.Debug|Any CPU.Build.0 = Debug|Any CPU
		{632EB9AA-5665-4CCE-98CF-55612238539F}.Release|Any CPU.ActiveCfg = Release|Any CPU
		{632EB9AA-5665-4CCE-98CF-55612238539F}.Release|Any CPU.Build.0 = Release|Any CPU
		{DBE04158-00A9-43D4-95A6-D30BF0B89844}.Debug|Any CPU.ActiveCfg = Debug|Any CPU
		{DBE04158-00A9-43D4-95A6-D30BF0B89844}.Debug|Any CPU.Build.0 = Debug|Any CPU
		{DBE04158-00A9-43D4-95A6-D30BF0B89844}.Release|Any CPU.ActiveCfg = Release|Any CPU
		{DBE04158-00A9-43D4-95A6-D30BF0B89844}.Release|Any CPU.Build.0 = Release|Any CPU
		{226A6A8F-E925-443B-A136-D2B5F8ED3C90}.Debug|Any CPU.ActiveCfg = Debug|Any CPU
		{226A6A8F-E925-443B-A136-D2B5F8ED3C90}.Debug|Any CPU.Build.0 = Debug|Any CPU
		{226A6A8F-E925-443B-A136-D2B5F8ED3C90}.Release|Any CPU.ActiveCfg = Release|Any CPU
		{226A6A8F-E925-443B-A136-D2B5F8ED3C90}.Release|Any CPU.Build.0 = Release|Any CPU
		{1257F547-61C5-45FF-A37A-08F9B0E4ECC4}.Debug|Any CPU.ActiveCfg = Debug|Any CPU
		{1257F547-61C5-45FF-A37A-08F9B0E4ECC4}.Debug|Any CPU.Build.0 = Debug|Any CPU
		{1257F547-61C5-45FF-A37A-08F9B0E4ECC4}.Release|Any CPU.ActiveCfg = Release|Any CPU
		{1257F547-61C5-45FF-A37A-08F9B0E4ECC4}.Release|Any CPU.Build.0 = Release|Any CPU
		{58A881FD-C70A-4FAE-AAEA-A9F20B9DE1E0}.Debug|Any CPU.ActiveCfg = Debug|Any CPU
		{58A881FD-C70A-4FAE-AAEA-A9F20B9DE1E0}.Debug|Any CPU.Build.0 = Debug|Any CPU
		{58A881FD-C70A-4FAE-AAEA-A9F20B9DE1E0}.Release|Any CPU.ActiveCfg = Release|Any CPU
		{58A881FD-C70A-4FAE-AAEA-A9F20B9DE1E0}.Release|Any CPU.Build.0 = Release|Any CPU
		{62E49AEA-A63F-4855-AAD7-0F86609D2821}.Debug|Any CPU.ActiveCfg = Debug|Any CPU
		{62E49AEA-A63F-4855-AAD7-0F86609D2821}.Debug|Any CPU.Build.0 = Debug|Any CPU
		{62E49AEA-A63F-4855-AAD7-0F86609D2821}.Release|Any CPU.ActiveCfg = Release|Any CPU
		{62E49AEA-A63F-4855-AAD7-0F86609D2821}.Release|Any CPU.Build.0 = Release|Any CPU
		{2E01B0D7-043A-40C8-9C7C-761668C8A76C}.Debug|Any CPU.ActiveCfg = Debug|Any CPU
		{2E01B0D7-043A-40C8-9C7C-761668C8A76C}.Debug|Any CPU.Build.0 = Debug|Any CPU
		{2E01B0D7-043A-40C8-9C7C-761668C8A76C}.Release|Any CPU.ActiveCfg = Release|Any CPU
		{2E01B0D7-043A-40C8-9C7C-761668C8A76C}.Release|Any CPU.Build.0 = Release|Any CPU
	EndGlobalSection
	GlobalSection(SolutionProperties) = preSolution
		HideSolutionNode = FALSE
	EndGlobalSection
	GlobalSection(NestedProjects) = preSolution
		{632EB9AA-5665-4CCE-98CF-55612238539F} = {34ABE718-1A68-43FD-AA15-4B610F8FB2B2}
		{DBE04158-00A9-43D4-95A6-D30BF0B89844} = {34ABE718-1A68-43FD-AA15-4B610F8FB2B2}
		{1257F547-61C5-45FF-A37A-08F9B0E4ECC4} = {34ABE718-1A68-43FD-AA15-4B610F8FB2B2}
		{58A881FD-C70A-4FAE-AAEA-A9F20B9DE1E0} = {34ABE718-1A68-43FD-AA15-4B610F8FB2B2}
		{62E49AEA-A63F-4855-AAD7-0F86609D2821} = {34ABE718-1A68-43FD-AA15-4B610F8FB2B2}
		{C18DDAC9-1177-4C8F-84A7-1D731E6710AE} = {4FBBFEC8-CD8D-4922-9FCA-E0A52EFA34C4}
		{2E01B0D7-043A-40C8-9C7C-761668C8A76C} = {C18DDAC9-1177-4C8F-84A7-1D731E6710AE}
	EndGlobalSection
	GlobalSection(ExtensibilityGlobals) = postSolution
		SolutionGuid = {110FFA46-0E0A-467E-905A-B452B1A30F9E}
	EndGlobalSection
EndGlobal
